{
  "name": "lushenko-profiling",
  "version": "1.0.0",
  "lockfileVersion": 2,
  "requires": true,
  "packages": {
    "": {
      "name": "lushenko-profiling",
      "version": "1.0.0",
      "license": "ISC",
      "devDependencies": {
        "micro-benchmark": "^1.3.22"
      }
    },
    "node_modules/micro-benchmark": {
      "version": "1.3.22",
      "resolved": "https://registry.npmjs.org/micro-benchmark/-/micro-benchmark-1.3.22.tgz",
      "integrity": "sha512-rfCbx1IGHTOy42o9wlaNEoWz/nw/zbIJ5FIqtKbb2uFkuBrrjPYBKYbi/FLfWccQFrHZvRGS31sLSzZq5QZz2w==",
      "dev": true
    }
  },
  "dependencies": {
    "micro-benchmark": {
      "version": "1.3.22",
      "resolved": "https://registry.npmjs.org/micro-benchmark/-/micro-benchmark-1.3.22.tgz",
      "integrity": "sha512-rfCbx1IGHTOy42o9wlaNEoWz/nw/zbIJ5FIqtKbb2uFkuBrrjPYBKYbi/FLfWccQFrHZvRGS31sLSzZq5QZz2w==",
      "dev": true
    }
  }
}
